
Microsoft Visual Studio Solution File, Format Version 12.00
# Visual Studio Version 17
VisualStudioVersion = 17.7.34024.191
MinimumVisualStudioVersion = 10.0.40219.1
Project("{2150E333-8FDC-42A3-9474-1A3956D46DE8}") = "Solution Items", "Solution Items", "{4BD54A58-BF49-4039-93E1-476FAB30F102}"
	ProjectSection(SolutionItems) = preProject
		README.md = README.md
	EndProjectSection
EndProject
Project("{2150E333-8FDC-42A3-9474-1A3956D46DE8}") = "src", "src", "{2A6B4D63-626A-4E2A-9EB1-65DA7B10E1A8}"
EndProject
Project("{2150E333-8FDC-42A3-9474-1A3956D46DE8}") = "tests", "tests", "{63B1CC9E-DE97-4F56-8F91-26238DEFF947}"
EndProject
Project("{9A19103F-16F7-4668-BE54-9A1E7A4F7556}") = "UrlShortner.App", "src\UrlShortner.App\UrlShortner.App.csproj", "{18E68F97-FEB4-4824-8D19-38426795FA13}"
EndProject
Project("{9A19103F-16F7-4668-BE54-9A1E7A4F7556}") = "UrlShortner.App.UnitTests", "tests\UrlShortner.App.UnitTests\UrlShortner.App.UnitTests.csproj", "{0300B774-6F08-427C-82C8-F9272A0B8A04}"
EndProject
Project("{9A19103F-16F7-4668-BE54-9A1E7A4F7556}") = "UrlShortner.App.IntegrationTests", "tests\UrlShortner.App.IntegrationTests\UrlShortner.App.IntegrationTests.csproj", "{27D936EB-7717-49E2-9F9D-87E0B02CD741}"
EndProject
Global
	GlobalSection(SolutionConfigurationPlatforms) = preSolution
		Debug|Any CPU = Debug|Any CPU
		Release|Any CPU = Release|Any CPU
	EndGlobalSection
	GlobalSection(ProjectConfigurationPlatforms) = postSolution
		{18E68F97-FEB4-4824-8D19-38426795FA13}.Debug|Any CPU.ActiveCfg = Debug|Any CPU
		{18E68F97-FEB4-4824-8D19-38426795FA13}.Debug|Any CPU.Build.0 = Debug|Any CPU
		{18E68F97-FEB4-4824-8D19-38426795FA13}.Release|Any CPU.ActiveCfg = Release|Any CPU
		{18E68F97-FEB4-4824-8D19-38426795FA13}.Release|Any CPU.Build.0 = Release|Any CPU
		{0300B774-6F08-427C-82C8-F9272A0B8A04}.Debug|Any CPU.ActiveCfg = Debug|Any CPU
		{0300B774-6F08-427C-82C8-F9272A0B8A04}.Debug|Any CPU.Build.0 = Debug|Any CPU
		{0300B774-6F08-427C-82C8-F9272A0B8A04}.Release|Any CPU.ActiveCfg = Release|Any CPU
		{0300B774-6F08-427C-82C8-F9272A0B8A04}.Release|Any CPU.Build.0 = Release|Any CPU
		{27D936EB-7717-49E2-9F9D-87E0B02CD741}.Debug|Any CPU.ActiveCfg = Debug|Any CPU
		{27D936EB-7717-49E2-9F9D-87E0B02CD741}.Debug|Any CPU.Build.0 = Debug|Any CPU
		{27D936EB-7717-49E2-9F9D-87E0B02CD741}.Release|Any CPU.ActiveCfg = Release|Any CPU
		{27D936EB-7717-49E2-9F9D-87E0B02CD741}.Release|Any CPU.Build.0 = Release|Any CPU
	EndGlobalSection
	GlobalSection(SolutionProperties) = preSolution
		HideSolutionNode = FALSE
	EndGlobalSection
	GlobalSection(NestedProjects) = preSolution
		{18E68F97-FEB4-4824-8D19-38426795FA13} = {2A6B4D63-626A-4E2A-9EB1-65DA7B10E1A8}
		{0300B774-6F08-427C-82C8-F9272A0B8A04} = {63B1CC9E-DE97-4F56-8F91-26238DEFF947}
		{27D936EB-7717-49E2-9F9D-87E0B02CD741} = {63B1CC9E-DE97-4F56-8F91-26238DEFF947}
	EndGlobalSection
	GlobalSection(ExtensibilityGlobals) = postSolution
		SolutionGuid = {B7E53248-88C9-4E57-AB5C-5376B52FA811}
	EndGlobalSection
EndGlobal
